
Microsoft Visual Studio Solution File, Format Version 12.00
# Visual Studio Version 17
VisualStudioVersion = 17.1.32228.430
MinimumVisualStudioVersion = 10.0.40219.1
Project("{FAE04EC0-301F-11D3-BF4B-00C04F79EFBC}") = "AskblueProject", "AskblueProject.csproj", "{A3AC2667-5656-457B-9513-A711E57109E3}"
EndProject
Global
	GlobalSection(SolutionConfigurationPlatforms) = preSolution
		Debug|Any CPU = Debug|Any CPU
		Release|Any CPU = Release|Any CPU
	EndGlobalSection
	GlobalSection(ProjectConfigurationPlatforms) = postSolution
		{A3AC2667-5656-457B-9513-A711E57109E3}.Debug|Any CPU.ActiveCfg = Debug|Any CPU
		{A3AC2667-5656-457B-9513-A711E57109E3}.Debug|Any CPU.Build.0 = Debug|Any CPU
		{A3AC2667-5656-457B-9513-A711E57109E3}.Release|Any CPU.ActiveCfg = Release|Any CPU
		{A3AC2667-5656-457B-9513-A711E57109E3}.Release|Any CPU.Build.0 = Release|Any CPU
	EndGlobalSection
	GlobalSection(SolutionProperties) = preSolution
		HideSolutionNode = FALSE
	EndGlobalSection
	GlobalSection(ExtensibilityGlobals) = postSolution
		SolutionGuid = {A7F93634-2545-4FEC-B15F-006DE73D9D5E}
	EndGlobalSection
EndGlobal
